
Microsoft Visual Studio Solution File, Format Version 12.00
# Visual Studio 15
VisualStudioVersion = 15.0.28307.271
MinimumVisualStudioVersion = 10.0.40219.1
Project("{FAE04EC0-301F-11D3-BF4B-00C04F79EFBC}") = "ButikOtelRezervasyonu1", "ButikOtelRezervasyonu1.csproj", "{9FDB2D48-BE25-4CEA-A2A3-8ECB2216FB4D}"
EndProject
Project("{FAE04EC0-301F-11D3-BF4B-00C04F79EFBC}") = "ButikOtelRezervasyonu2", "..\ButikOtelRezervasyonu2\ButikOtelRezervasyonu2.csproj", "{90679B23-6198-471C-A0F2-95BD242F7ED6}"
EndProject
Project("{FAE04EC0-301F-11D3-BF4B-00C04F79EFBC}") = "ButikOtelRezervasyonu3", "ButikOtelRezervasyonu3\ButikOtelRezervasyonu3.csproj", "{A0B0934B-53F8-4E24-B6C7-420C2F5ED7B7}"
EndProject
Global
	GlobalSection(SolutionConfigurationPlatforms) = preSolution
		Debug|Any CPU = Debug|Any CPU
		Release|Any CPU = Release|Any CPU
	EndGlobalSection
	GlobalSection(ProjectConfigurationPlatforms) = postSolution
		{9FDB2D48-BE25-4CEA-A2A3-8ECB2216FB4D}.Debug|Any CPU.ActiveCfg = Debug|Any CPU
		{9FDB2D48-BE25-4CEA-A2A3-8ECB2216FB4D}.Debug|Any CPU.Build.0 = Debug|Any CPU
		{9FDB2D48-BE25-4CEA-A2A3-8ECB2216FB4D}.Release|Any CPU.ActiveCfg = Release|Any CPU
		{9FDB2D48-BE25-4CEA-A2A3-8ECB2216FB4D}.Release|Any CPU.Build.0 = Release|Any CPU
		{90679B23-6198-471C-A0F2-95BD242F7ED6}.Debug|Any CPU.ActiveCfg = Debug|Any CPU
		{90679B23-6198-471C-A0F2-95BD242F7ED6}.Debug|Any CPU.Build.0 = Debug|Any CPU
		{90679B23-6198-471C-A0F2-95BD242F7ED6}.Release|Any CPU.ActiveCfg = Release|Any CPU
		{90679B23-6198-471C-A0F2-95BD242F7ED6}.Release|Any CPU.Build.0 = Release|Any CPU
		{A0B0934B-53F8-4E24-B6C7-420C2F5ED7B7}.Debug|Any CPU.ActiveCfg = Debug|Any CPU
		{A0B0934B-53F8-4E24-B6C7-420C2F5ED7B7}.Debug|Any CPU.Build.0 = Debug|Any CPU
		{A0B0934B-53F8-4E24-B6C7-420C2F5ED7B7}.Release|Any CPU.ActiveCfg = Release|Any CPU
		{A0B0934B-53F8-4E24-B6C7-420C2F5ED7B7}.Release|Any CPU.Build.0 = Release|Any CPU
	EndGlobalSection
	GlobalSection(SolutionProperties) = preSolution
		HideSolutionNode = FALSE
	EndGlobalSection
	GlobalSection(ExtensibilityGlobals) = postSolution
		SolutionGuid = {FE7E336B-F4AF-4034-B090-A8FB96D2FAA5}
	EndGlobalSection
EndGlobal
